# This file is automatically @generated by Cargo.
# It is not intended for manual editing.
version = 3

[[package]]
name = "standard-hello"
version = "0.1.0"

[[package]]
name = "standard-warp"
version = "0.1.0"

[[package]]
name = "wasm-hello"
version = "0.1.0"

[[package]]
name = "wasm-warp"
version = "0.1.0"
